// !$*UTF8*$!
{
	archiveVersion = 1;
	classes = {
	};
	objectVersion = 46;
	objects = {

/* Begin PBXBuildFile section */
		1853E2EA19FD33C10004AB6B /* main.m in Sources */ = {isa = PBXBuildFile; fileRef = 1853E2E919FD33C10004AB6B /* main.m */; };
		1853E2ED19FD33C10004AB6B /* AppDelegate.m in Sources */ = {isa = PBXBuildFile; fileRef = 1853E2EC19FD33C10004AB6B /* AppDelegate.m */; };
		1853E2F019FD33C10004AB6B /* ViewController.m in Sources */ = {isa = PBXBuildFile; fileRef = 1853E2EF19FD33C10004AB6B /* ViewController.m */; };
		1853E2F319FD33C10004AB6B /* Main.storyboard in Resources */ = {isa = PBXBuildFile; fileRef = 1853E2F119FD33C10004AB6B /* Main.storyboard */; };
		1853E2F519FD33C10004AB6B /* Images.xcassets in Resources */ = {isa = PBXBuildFile; fileRef = 1853E2F419FD33C10004AB6B /* Images.xcassets */; };
		1853E2F819FD33C10004AB6B /* LaunchScreen.xib in Resources */ = {isa = PBXBuildFile; fileRef = 1853E2F619FD33C10004AB6B /* LaunchScreen.xib */; };
		1853E30419FD33C20004AB6B /* DynamicLayoutTests.m in Sources */ = {isa = PBXBuildFile; fileRef = 1853E30319FD33C20004AB6B /* DynamicLayoutTests.m */; };
		1853E30F19FD34BC0004AB6B /* DLDynamicLayoutTableViewCell.m in Sources */ = {isa = PBXBuildFile; fileRef = 1853E30E19FD34BC0004AB6B /* DLDynamicLayoutTableViewCell.m */; };
		1853E31219FD359F0004AB6B /* DLDynamicLayoutTableViewController.m in Sources */ = {isa = PBXBuildFile; fileRef = 1853E31119FD359F0004AB6B /* DLDynamicLayoutTableViewController.m */; };
		1853E31619FDF6760004AB6B /* DLImageRowData.m in Sources */ = {isa = PBXBuildFile; fileRef = 1853E31519FDF6760004AB6B /* DLImageRowData.m */; };
		1853E31D19FE54720004AB6B /* ASValuePopUpView.m in Sources */ = {isa = PBXBuildFile; fileRef = 1853E31A19FE54720004AB6B /* ASValuePopUpView.m */; };
		1853E31E19FE54720004AB6B /* ASValueTrackingSlider.m in Sources */ = {isa = PBXBuildFile; fileRef = 1853E31C19FE54720004AB6B /* ASValueTrackingSlider.m */; };
/* End PBXBuildFile section */

/* Begin PBXContainerItemProxy section */
		1853E2FE19FD33C10004AB6B /* PBXContainerItemProxy */ = {
			isa = PBXContainerItemProxy;
			containerPortal = 1853E2DC19FD33C10004AB6B /* Project object */;
			proxyType = 1;
			remoteGlobalIDString = 1853E2E319FD33C10004AB6B;
			remoteInfo = DynamicLayout;
		};
/* End PBXContainerItemProxy section */

/* Begin PBXFileReference section */
		1853E2E419FD33C10004AB6B /* DynamicLayout.app */ = {isa = PBXFileReference; explicitFileType = wrapper.application; includeInIndex = 0; path = DynamicLayout.app; sourceTree = BUILT_PRODUCTS_DIR; };
		1853E2E819FD33C10004AB6B /* Info.plist */ = {isa = PBXFileReference; lastKnownFileType = text.plist.xml; path = Info.plist; sourceTree = "<group>"; };
		1853E2E919FD33C10004AB6B /* main.m */ = {isa = PBXFileReference; lastKnownFileType = sourcecode.c.objc; path = main.m; sourceTree = "<group>"; };
		1853E2EB19FD33C10004AB6B /* AppDelegate.h */ = {isa = PBXFileReference; lastKnownFileType = sourcecode.c.h; path = AppDelegate.h; sourceTree = "<group>"; };
		1853E2EC19FD33C10004AB6B /* AppDelegate.m */ = {isa = PBXFileReference; lastKnownFileType = sourcecode.c.objc; path = AppDelegate.m; sourceTree = "<group>"; };
		1853E2EE19FD33C10004AB6B /* ViewController.h */ = {isa = PBXFileReference; lastKnownFileType = sourcecode.c.h; path = ViewController.h; sourceTree = "<group>"; };
		1853E2EF19FD33C10004AB6B /* ViewController.m */ = {isa = PBXFileReference; lastKnownFileType = sourcecode.c.objc; path = ViewController.m; sourceTree = "<group>"; };
		1853E2F219FD33C10004AB6B /* Base */ = {isa = PBXFileReference; lastKnownFileType = file.storyboard; name = Base; path = Base.lproj/Main.storyboard; sourceTree = "<group>"; };
		1853E2F419FD33C10004AB6B /* Images.xcassets */ = {isa = PBXFileReference; lastKnownFileType = folder.assetcatalog; path = Images.xcassets; sourceTree = "<group>"; };
		1853E2F719FD33C10004AB6B /* Base */ = {isa = PBXFileReference; lastKnownFileType = file.xib; name = Base; path = Base.lproj/LaunchScreen.xib; sourceTree = "<group>"; };
		1853E2FD19FD33C10004AB6B /* DynamicLayoutTests.xctest */ = {isa = PBXFileReference; explicitFileType = wrapper.cfbundle; includeInIndex = 0; path = DynamicLayoutTests.xctest; sourceTree = BUILT_PRODUCTS_DIR; };
		1853E30219FD33C20004AB6B /* Info.plist */ = {isa = PBXFileReference; lastKnownFileType = text.plist.xml; path = Info.plist; sourceTree = "<group>"; };
		1853E30319FD33C20004AB6B /* DynamicLayoutTests.m */ = {isa = PBXFileReference; lastKnownFileType = sourcecode.c.objc; path = DynamicLayoutTests.m; sourceTree = "<group>"; };
		1853E30D19FD34BC0004AB6B /* DLDynamicLayoutTableViewCell.h */ = {isa = PBXFileReference; fileEncoding = 4; lastKnownFileType = sourcecode.c.h; path = DLDynamicLayoutTableViewCell.h; sourceTree = "<group>"; };
		1853E30E19FD34BC0004AB6B /* DLDynamicLayoutTableViewCell.m */ = {isa = PBXFileReference; fileEncoding = 4; lastKnownFileType = sourcecode.c.objc; path = DLDynamicLayoutTableViewCell.m; sourceTree = "<group>"; };
		1853E31019FD359F0004AB6B /* DLDynamicLayoutTableViewController.h */ = {isa = PBXFileReference; fileEncoding = 4; lastKnownFileType = sourcecode.c.h; path = DLDynamicLayoutTableViewController.h; sourceTree = "<group>"; };
		1853E31119FD359F0004AB6B /* DLDynamicLayoutTableViewController.m */ = {isa = PBXFileReference; fileEncoding = 4; lastKnownFileType = sourcecode.c.objc; path = DLDynamicLayoutTableViewController.m; sourceTree = "<group>"; };
		1853E31419FDF6760004AB6B /* DLImageRowData.h */ = {isa = PBXFileReference; fileEncoding = 4; lastKnownFileType = sourcecode.c.h; path = DLImageRowData.h; sourceTree = "<group>"; };
		1853E31519FDF6760004AB6B /* DLImageRowData.m */ = {isa = PBXFileReference; fileEncoding = 4; lastKnownFileType = sourcecode.c.objc; path = DLImageRowData.m; sourceTree = "<group>"; };
		1853E31919FE54720004AB6B /* ASValuePopUpView.h */ = {isa = PBXFileReference; fileEncoding = 4; lastKnownFileType = sourcecode.c.h; path = ASValuePopUpView.h; sourceTree = "<group>"; };
		1853E31A19FE54720004AB6B /* ASValuePopUpView.m */ = {isa = PBXFileReference; fileEncoding = 4; lastKnownFileType = sourcecode.c.objc; path = ASValuePopUpView.m; sourceTree = "<group>"; };
		1853E31B19FE54720004AB6B /* ASValueTrackingSlider.h */ = {isa = PBXFileReference; fileEncoding = 4; lastKnownFileType = sourcecode.c.h; path = ASValueTrackingSlider.h; sourceTree = "<group>"; };
		1853E31C19FE54720004AB6B /* ASValueTrackingSlider.m */ = {isa = PBXFileReference; fileEncoding = 4; lastKnownFileType = sourcecode.c.objc; path = ASValueTrackingSlider.m; sourceTree = "<group>"; };
/* End PBXFileReference section */

/* Begin PBXFrameworksBuildPhase section */
		1853E2E119FD33C10004AB6B /* Frameworks */ = {
			isa = PBXFrameworksBuildPhase;
			buildActionMask = 2147483647;
			files = (
			);
			runOnlyForDeploymentPostprocessing = 0;
		};
		1853E2FA19FD33C10004AB6B /* Frameworks */ = {
			isa = PBXFrameworksBuildPhase;
			buildActionMask = 2147483647;
			files = (
			);
			runOnlyForDeploymentPostprocessing = 0;
		};
/* End PBXFrameworksBuildPhase section */

/* Begin PBXGroup section */
		1853E2DB19FD33C10004AB6B = {
			isa = PBXGroup;
			children = (
				1853E2E619FD33C10004AB6B /* DynamicLayout */,
				1853E30019FD33C20004AB6B /* DynamicLayoutTests */,
				1853E2E519FD33C10004AB6B /* Products */,
			);
			sourceTree = "<group>";
		};
		1853E2E519FD33C10004AB6B /* Products */ = {
			isa = PBXGroup;
			children = (
				1853E2E419FD33C10004AB6B /* DynamicLayout.app */,
				1853E2FD19FD33C10004AB6B /* DynamicLayoutTests.xctest */,
			);
			name = Products;
			sourceTree = "<group>";
		};
		1853E2E619FD33C10004AB6B /* DynamicLayout */ = {
			isa = PBXGroup;
			children = (
				1853E31719FE54480004AB6B /* 3rd */,
				1853E2EB19FD33C10004AB6B /* AppDelegate.h */,
				1853E2EC19FD33C10004AB6B /* AppDelegate.m */,
				1853E2EE19FD33C10004AB6B /* ViewController.h */,
				1853E2EF19FD33C10004AB6B /* ViewController.m */,
				1853E2F119FD33C10004AB6B /* Main.storyboard */,
				1853E2F419FD33C10004AB6B /* Images.xcassets */,
				1853E2F619FD33C10004AB6B /* LaunchScreen.xib */,
				1853E2E719FD33C10004AB6B /* Supporting Files */,
				1853E30D19FD34BC0004AB6B /* DLDynamicLayoutTableViewCell.h */,
				1853E30E19FD34BC0004AB6B /* DLDynamicLayoutTableViewCell.m */,
				1853E31019FD359F0004AB6B /* DLDynamicLayoutTableViewController.h */,
				1853E31119FD359F0004AB6B /* DLDynamicLayoutTableViewController.m */,
				1853E31419FDF6760004AB6B /* DLImageRowData.h */,
				1853E31519FDF6760004AB6B /* DLImageRowData.m */,
			);
			name = DynamicLayout;
			path = DynamicLayout;
			sourceTree = "<group>";
		};
		1853E2E719FD33C10004AB6B /* Supporting Files */ = {
			isa = PBXGroup;
			children = (
				1853E2E819FD33C10004AB6B /* Info.plist */,
				1853E2E919FD33C10004AB6B /* main.m */,
			);
			name = "Supporting Files";
			sourceTree = "<group>";
		};
		1853E30019FD33C20004AB6B /* DynamicLayoutTests */ = {
			isa = PBXGroup;
			children = (
				1853E30319FD33C20004AB6B /* DynamicLayoutTests.m */,
				1853E30119FD33C20004AB6B /* Supporting Files */,
			);
			path = DynamicLayoutTests;
			sourceTree = "<group>";
		};
		1853E30119FD33C20004AB6B /* Supporting Files */ = {
			isa = PBXGroup;
			children = (
				1853E30219FD33C20004AB6B /* Info.plist */,
			);
			name = "Supporting Files";
			sourceTree = "<group>";
		};
		1853E31719FE54480004AB6B /* 3rd */ = {
			isa = PBXGroup;
			children = (
				1853E31819FE54720004AB6B /* ASValueTrackingSlider */,
			);
			path = 3rd;
			sourceTree = "<group>";
		};
		1853E31819FE54720004AB6B /* ASValueTrackingSlider */ = {
			isa = PBXGroup;
			children = (
				1853E31919FE54720004AB6B /* ASValuePopUpView.h */,
				1853E31A19FE54720004AB6B /* ASValuePopUpView.m */,
				1853E31B19FE54720004AB6B /* ASValueTrackingSlider.h */,
				1853E31C19FE54720004AB6B /* ASValueTrackingSlider.m */,
			);
			path = ASValueTrackingSlider;
			sourceTree = "<group>";
		};
/* End PBXGroup section */

/* Begin PBXNativeTarget section */
		1853E2E319FD33C10004AB6B /* DynamicLayout */ = {
			isa = PBXNativeTarget;
			buildConfigurationList = 1853E30719FD33C20004AB6B /* Build configuration list for PBXNativeTarget "DynamicLayout" */;
			buildPhases = (
				1853E2E019FD33C10004AB6B /* Sources */,
				1853E2E119FD33C10004AB6B /* Frameworks */,
				1853E2E219FD33C10004AB6B /* Resources */,
			);
			buildRules = (
			);
			dependencies = (
			);
			name = DynamicLayout;
			productName = DynamicLayout;
			productReference = 1853E2E419FD33C10004AB6B /* DynamicLayout.app */;
			productType = "com.apple.product-type.application";
		};
		1853E2FC19FD33C10004AB6B /* DynamicLayoutTests */ = {
			isa = PBXNativeTarget;
			buildConfigurationList = 1853E30A19FD33C20004AB6B /* Build configuration list for PBXNativeTarget "DynamicLayoutTests" */;
			buildPhases = (
				1853E2F919FD33C10004AB6B /* Sources */,
				1853E2FA19FD33C10004AB6B /* Frameworks */,
				1853E2FB19FD33C10004AB6B /* Resources */,
			);
			buildRules = (
			);
			dependencies = (
				1853E2FF19FD33C10004AB6B /* PBXTargetDependency */,
			);
			name = DynamicLayoutTests;
			productName = DynamicLayoutTests;
			productReference = 1853E2FD19FD33C10004AB6B /* DynamicLayoutTests.xctest */;
			productType = "com.apple.product-type.bundle.unit-test";
		};
/* End PBXNativeTarget section */

/* Begin PBXProject section */
		1853E2DC19FD33C10004AB6B /* Project object */ = {
			isa = PBXProject;
			attributes = {
				LastUpgradeCheck = 0610;
				ORGANIZATIONNAME = zhangdl;
				TargetAttributes = {
					1853E2E319FD33C10004AB6B = {
						CreatedOnToolsVersion = 6.1;
					};
					1853E2FC19FD33C10004AB6B = {
						CreatedOnToolsVersion = 6.1;
						TestTargetID = 1853E2E319FD33C10004AB6B;
					};
				};
			};
			buildConfigurationList = 1853E2DF19FD33C10004AB6B /* Build configuration list for PBXProject "DynamicLayout" */;
			compatibilityVersion = "Xcode 3.2";
			developmentRegion = English;
			hasScannedForEncodings = 0;
			knownRegions = (
				en,
				Base,
			);
			mainGroup = 1853E2DB19FD33C10004AB6B;
			productRefGroup = 1853E2E519FD33C10004AB6B /* Products */;
			projectDirPath = "";
			projectRoot = "";
			targets = (
				1853E2E319FD33C10004AB6B /* DynamicLayout */,
				1853E2FC19FD33C10004AB6B /* DynamicLayoutTests */,
			);
		};
/* End PBXProject section */

/* Begin PBXResourcesBuildPhase section */
		1853E2E219FD33C10004AB6B /* Resources */ = {
			isa = PBXResourcesBuildPhase;
			buildActionMask = 2147483647;
			files = (
				1853E2F319FD33C10004AB6B /* Main.storyboard in Resources */,
				1853E2F819FD33C10004AB6B /* LaunchScreen.xib in Resources */,
				1853E2F519FD33C10004AB6B /* Images.xcassets in Resources */,
			);
			runOnlyForDeploymentPostprocessing = 0;
		};
		1853E2FB19FD33C10004AB6B /* Resources */ = {
			isa = PBXResourcesBuildPhase;
			buildActionMask = 2147483647;
			files = (
			);
			runOnlyForDeploymentPostprocessing = 0;
		};
/* End PBXResourcesBuildPhase section */

/* Begin PBXSourcesBuildPhase section */
		1853E2E019FD33C10004AB6B /* Sources */ = {
			isa = PBXSourcesBuildPhase;
			buildActionMask = 2147483647;
			files = (
				1853E31619FDF6760004AB6B /* DLImageRowData.m in Sources */,
				1853E31E19FE54720004AB6B /* ASValueTrackingSlider.m in Sources */,
				1853E2F019FD33C10004AB6B /* ViewController.m in Sources */,
				1853E30F19FD34BC0004AB6B /* DLDynamicLayoutTableViewCell.m in Sources */,
				1853E2ED19FD33C10004AB6B /* AppDelegate.m in Sources */,
				1853E31D19FE54720004AB6B /* ASValuePopUpView.m in Sources */,
				1853E2EA19FD33C10004AB6B /* main.m in Sources */,
				1853E31219FD359F0004AB6B /* DLDynamicLayoutTableViewController.m in Sources */,
			);
			runOnlyForDeploymentPostprocessing = 0;
		};
		1853E2F919FD33C10004AB6B /* Sources */ = {
			isa = PBXSourcesBuildPhase;
			buildActionMask = 2147483647;
			files = (
				1853E30419FD33C20004AB6B /* DynamicLayoutTests.m in Sources */,
			);
			runOnlyForDeploymentPostprocessing = 0;
		};
/* End PBXSourcesBuildPhase section */

/* Begin PBXTargetDependency section */
		1853E2FF19FD33C10004AB6B /* PBXTargetDependency */ = {
			isa = PBXTargetDependency;
			target = 1853E2E319FD33C10004AB6B /* DynamicLayout */;
			targetProxy = 1853E2FE19FD33C10004AB6B /* PBXContainerItemProxy */;
		};
/* End PBXTargetDependency section */

/* Begin PBXVariantGroup section */
		1853E2F119FD33C10004AB6B /* Main.storyboard */ = {
			isa = PBXVariantGroup;
			children = (
				1853E2F219FD33C10004AB6B /* Base */,
			);
			name = Main.storyboard;
			sourceTree = "<group>";
		};
		1853E2F619FD33C10004AB6B /* LaunchScreen.xib */ = {
			isa = PBXVariantGroup;
			children = (
				1853E2F719FD33C10004AB6B /* Base */,
			);
			name = LaunchScreen.xib;
			sourceTree = "<group>";
		};
/* End PBXVariantGroup section */

/* Begin XCBuildConfiguration section */
		1853E30519FD33C20004AB6B /* Debug */ = {
			isa = XCBuildConfiguration;
			buildSettings = {
				ALWAYS_SEARCH_USER_PATHS = NO;
				CLANG_CXX_LANGUAGE_STANDARD = "gnu++0x";
				CLANG_CXX_LIBRARY = "libc++";
				CLANG_ENABLE_MODULES = YES;
				CLANG_ENABLE_OBJC_ARC = YES;
				CLANG_WARN_BOOL_CONVERSION = YES;
				CLANG_WARN_CONSTANT_CONVERSION = YES;
				CLANG_WARN_DIRECT_OBJC_ISA_USAGE = YES_ERROR;
				CLANG_WARN_EMPTY_BODY = YES;
				CLANG_WARN_ENUM_CONVERSION = YES;
				CLANG_WARN_INT_CONVERSION = YES;
				CLANG_WARN_OBJC_ROOT_CLASS = YES_ERROR;
				CLANG_WARN_UNREACHABLE_CODE = YES;
				CLANG_WARN__DUPLICATE_METHOD_MATCH = YES;
				"CODE_SIGN_IDENTITY[sdk=iphoneos*]" = "iPhone Developer";
				COPY_PHASE_STRIP = NO;
				ENABLE_STRICT_OBJC_MSGSEND = YES;
				GCC_C_LANGUAGE_STANDARD = gnu99;
				GCC_DYNAMIC_NO_PIC = NO;
				GCC_OPTIMIZATION_LEVEL = 0;
				GCC_PREPROCESSOR_DEFINITIONS = (
					"DEBUG=1",
					"$(inherited)",
				);
				GCC_SYMBOLS_PRIVATE_EXTERN = NO;
				GCC_WARN_64_TO_32_BIT_CONVERSION = YES;
				GCC_WARN_ABOUT_RETURN_TYPE = YES_ERROR;
				GCC_WARN_UNDECLARED_SELECTOR = YES;
				GCC_WARN_UNINITIALIZED_AUTOS = YES_AGGRESSIVE;
				GCC_WARN_UNUSED_FUNCTION = YES;
				GCC_WARN_UNUSED_VARIABLE = YES;
				IPHONEOS_DEPLOYMENT_TARGET = 7.0;
				MTL_ENABLE_DEBUG_INFO = YES;
				ONLY_ACTIVE_ARCH = YES;
				SDKROOT = iphoneos;
			};
			name = Debug;
		};
		1853E30619FD33C20004AB6B /* Release */ = {
			isa = XCBuildConfiguration;
			buildSettings = {
				ALWAYS_SEARCH_USER_PATHS = NO;
				CLANG_CXX_LANGUAGE_STANDARD = "gnu++0x";
				CLANG_CXX_LIBRARY = "libc++";
				CLANG_ENABLE_MODULES = YES;
				CLANG_ENABLE_OBJC_ARC = YES;
				CLANG_WARN_BOOL_CONVERSION = YES;
				CLANG_WARN_CONSTANT_CONVERSION = YES;
				CLANG_WARN_DIRECT_OBJC_ISA_USAGE = YES_ERROR;
				CLANG_WARN_EMPTY_BODY = YES;
				CLANG_WARN_ENUM_CONVERSION = YES;
				CLANG_WARN_INT_CONVERSION = YES;
				CLANG_WARN_OBJC_ROOT_CLASS = YES_ERROR;
				CLANG_WARN_UNREACHABLE_CODE = YES;
				CLANG_WARN__DUPLICATE_METHOD_MATCH = YES;
				"CODE_SIGN_IDENTITY[sdk=iphoneos*]" = "iPhone Developer";
				COPY_PHASE_STRIP = YES;
				ENABLE_NS_ASSERTIONS = NO;
				ENABLE_STRICT_OBJC_MSGSEND = YES;
				GCC_C_LANGUAGE_STANDARD = gnu99;
				GCC_WARN_64_TO_32_BIT_CONVERSION = YES;
				GCC_WARN_ABOUT_RETURN_TYPE = YES_ERROR;
				GCC_WARN_UNDECLARED_SELECTOR = YES;
				GCC_WARN_UNINITIALIZED_AUTOS = YES_AGGRESSIVE;
				GCC_WARN_UNUSED_FUNCTION = YES;
				GCC_WARN_UNUSED_VARIABLE = YES;
				IPHONEOS_DEPLOYMENT_TARGET = 7.0;
				MTL_ENABLE_DEBUG_INFO = NO;
				SDKROOT = iphoneos;
				VALIDATE_PRODUCT = YES;
			};
			name = Release;
		};
		1853E30819FD33C20004AB6B /* Debug */ = {
			isa = XCBuildConfiguration;
			buildSettings = {
				ASSETCATALOG_COMPILER_APPICON_NAME = AppIcon;
				ASSETCATALOG_COMPILER_LAUNCHIMAGE_NAME = LaunchImage;
				INFOPLIST_FILE = DynamicLayout/Info.plist;
				IPHONEOS_DEPLOYMENT_TARGET = 7.0;
				LD_RUNPATH_SEARCH_PATHS = "$(inherited) @executable_path/Frameworks";
				PRODUCT_NAME = DynamicLayout;
			};
			name = Debug;
		};
		1853E30919FD33C20004AB6B /* Release */ = {
			isa = XCBuildConfiguration;
			buildSettings = {
				ASSETCATALOG_COMPILER_APPICON_NAME = AppIcon;
				ASSETCATALOG_COMPILER_LAUNCHIMAGE_NAME = LaunchImage;
				INFOPLIST_FILE = DynamicLayout/Info.plist;
				IPHONEOS_DEPLOYMENT_TARGET = 7.0;
				LD_RUNPATH_SEARCH_PATHS = "$(inherited) @executable_path/Frameworks";
				PRODUCT_NAME = DynamicLayout;
			};
			name = Release;
		};
		1853E30B19FD33C20004AB6B /* Debug */ = {
			isa = XCBuildConfiguration;
			buildSettings = {
				BUNDLE_LOADER = "$(TEST_HOST)";
				FRAMEWORK_SEARCH_PATHS = (
					"$(SDKROOT)/Developer/Library/Frameworks",
					"$(inherited)",
				);
				GCC_PREPROCESSOR_DEFINITIONS = (
					"DEBUG=1",
					"$(inherited)",
				);
				INFOPLIST_FILE = DynamicLayoutTests/Info.plist;
				LD_RUNPATH_SEARCH_PATHS = "$(inherited) @executable_path/Frameworks @loader_path/Frameworks";
				PRODUCT_NAME = DynamicLayoutTests;
				TEST_HOST = "$(BUILT_PRODUCTS_DIR)/DynamicLayout.app/DynamicLayout";
			};
			name = Debug;
		};
		1853E30C19FD33C20004AB6B /* Release */ = {
			isa = XCBuildConfiguration;
			buildSettings = {
				BUNDLE_LOADER = "$(TEST_HOST)";
				FRAMEWORK_SEARCH_PATHS = (
					"$(SDKROOT)/Developer/Library/Frameworks",
					"$(inherited)",
				);
				INFOPLIST_FILE = DynamicLayoutTests/Info.plist;
				LD_RUNPATH_SEARCH_PATHS = "$(inherited) @executable_path/Frameworks @loader_path/Frameworks";
				PRODUCT_NAME = DynamicLayoutTests;
				TEST_HOST = "$(BUILT_PRODUCTS_DIR)/DynamicLayout.app/DynamicLayout";
			};
			name = Release;
		};
/* End XCBuildConfiguration section */

/* Begin XCConfigurationList section */
		1853E2DF19FD33C10004AB6B /* Build configuration list for PBXProject "DynamicLayout" */ = {
			isa = XCConfigurationList;
			buildConfigurations = (
				1853E30519FD33C20004AB6B /* Debug */,
				1853E30619FD33C20004AB6B /* Release */,
			);
			defaultConfigurationIsVisible = 0;
			defaultConfigurationName = Release;
		};
		1853E30719FD33C20004AB6B /* Build configuration list for PBXNativeTarget "DynamicLayout" */ = {
			isa = XCConfigurationList;
			buildConfigurations = (
				1853E30819FD33C20004AB6B /* Debug */,
				1853E30919FD33C20004AB6B /* Release */,
			);
			defaultConfigurationIsVisible = 0;
			defaultConfigurationName = Release;
		};
		1853E30A19FD33C20004AB6B /* Build configuration list for PBXNativeTarget "DynamicLayoutTests" */ = {
			isa = XCConfigurationList;
			buildConfigurations = (
				1853E30B19FD33C20004AB6B /* Debug */,
				1853E30C19FD33C20004AB6B /* Release */,
			);
			defaultConfigurationIsVisible = 0;
			defaultConfigurationName = Release;
		};
/* End XCConfigurationList section */
	};
	rootObject = 1853E2DC19FD33C10004AB6B /* Project object */;
}
